Microsoft Visual Studio Solution File, Format Version 12.00
# Visual Studio Version 17
VisualStudioVersion = 17.5.2.0
MinimumVisualStudioVersion = 10.0.40219.1
Project("{FAE04EC0-301F-11D3-BF4B-00C04F79EFBC}") = "AntiScamRecommender", "AntiScamRecommender.csproj", "{51C0F6C3-8E99-DE0E-FBAD-8297E207118D}"
EndProject
Global
	GlobalSection(SolutionConfigurationPlatforms) = preSolution
		Debug|Any CPU = Debug|Any CPU
		Release|Any CPU = Release|Any CPU
	EndGlobalSection
	GlobalSection(ProjectConfigurationPlatforms) = postSolution
		{51C0F6C3-8E99-DE0E-FBAD-8297E207118D}.Debug|Any CPU.ActiveCfg = Debug|Any CPU
		{51C0F6C3-8E99-DE0E-FBAD-8297E207118D}.Debug|Any CPU.Build.0 = Debug|Any CPU
		{51C0F6C3-8E99-DE0E-FBAD-8297E207118D}.Release|Any CPU.ActiveCfg = Release|Any CPU
		{51C0F6C3-8E99-DE0E-FBAD-8297E207118D}.Release|Any CPU.Build.0 = Release|Any CPU
	EndGlobalSection
	GlobalSection(SolutionProperties) = preSolution
		HideSolutionNode = FALSE
	EndGlobalSection
	GlobalSection(ExtensibilityGlobals) = postSolution
		SolutionGuid = {FAC007D6-5220-4F8C-85E4-C45A0AAAC134}
	EndGlobalSection
EndGlobal
